
Microsoft Visual Studio Solution File, Format Version 12.00
# Visual Studio 15
VisualStudioVersion = 15.0.28307.421
MinimumVisualStudioVersion = 10.0.40219.1
Project("{FAE04EC0-301F-11D3-BF4B-00C04F79EFBC}") = "TrabalhandoComObjetos", "TrabalhandoComObjetos\TrabalhandoComObjetos.csproj", "{72160E82-00BB-4E6D-93B0-88D50BA9901E}"
EndProject
Global
	GlobalSection(SolutionConfigurationPlatforms) = preSolution
		Debug|Any CPU = Debug|Any CPU
		Release|Any CPU = Release|Any CPU
	EndGlobalSection
	GlobalSection(ProjectConfigurationPlatforms) = postSolution
		{72160E82-00BB-4E6D-93B0-88D50BA9901E}.Debug|Any CPU.ActiveCfg = Debug|Any CPU
		{72160E82-00BB-4E6D-93B0-88D50BA9901E}.Debug|Any CPU.Build.0 = Debug|Any CPU
		{72160E82-00BB-4E6D-93B0-88D50BA9901E}.Release|Any CPU.ActiveCfg = Release|Any CPU
		{72160E82-00BB-4E6D-93B0-88D50BA9901E}.Release|Any CPU.Build.0 = Release|Any CPU
	EndGlobalSection
	GlobalSection(SolutionProperties) = preSolution
		HideSolutionNode = FALSE
	EndGlobalSection
	GlobalSection(ExtensibilityGlobals) = postSolution
		SolutionGuid = {32F4D511-AC5C-4CA3-AA25-73D32E70BE23}
	EndGlobalSection
EndGlobal
