
Microsoft Visual Studio Solution File, Format Version 12.00
# Visual Studio 15
VisualStudioVersion = 15.0.28307.421
MinimumVisualStudioVersion = 10.0.40219.1
Project("{FAE04EC0-301F-11D3-BF4B-00C04F79EFBC}") = "VerificaTriangulo2", "VerificaTriangulo2\VerificaTriangulo2.csproj", "{33ECD116-03E3-46D9-9490-BAB6D97A778C}"
EndProject
Global
	GlobalSection(SolutionConfigurationPlatforms) = preSolution
		Debug|Any CPU = Debug|Any CPU
		Release|Any CPU = Release|Any CPU
	EndGlobalSection
	GlobalSection(ProjectConfigurationPlatforms) = postSolution
		{33ECD116-03E3-46D9-9490-BAB6D97A778C}.Debug|Any CPU.ActiveCfg = Debug|Any CPU
		{33ECD116-03E3-46D9-9490-BAB6D97A778C}.Debug|Any CPU.Build.0 = Debug|Any CPU
		{33ECD116-03E3-46D9-9490-BAB6D97A778C}.Release|Any CPU.ActiveCfg = Release|Any CPU
		{33ECD116-03E3-46D9-9490-BAB6D97A778C}.Release|Any CPU.Build.0 = Release|Any CPU
	EndGlobalSection
	GlobalSection(SolutionProperties) = preSolution
		HideSolutionNode = FALSE
	EndGlobalSection
	GlobalSection(ExtensibilityGlobals) = postSolution
		SolutionGuid = {F54E97CF-3EC0-485E-84B4-29A4D4A56A91}
	EndGlobalSection
EndGlobal
